
Microsoft Visual Studio Solution File, Format Version 12.00
# Visual Studio 15
VisualStudioVersion = 15.0.27428.2015
MinimumVisualStudioVersion = 10.0.40219.1
Project("{FAE04EC0-301F-11D3-BF4B-00C04F79EFBC}") = "ATM", "ATM\ATM.csproj", "{17424052-DF8F-4A79-A97C-794BC48B5757}"
EndProject
Project("{FAE04EC0-301F-11D3-BF4B-00C04F79EFBC}") = "ATM.Tests", "ATM.Tests\ATM.Tests.csproj", "{1D1D4A0C-B496-4343-BD69-D6449AA56F30}"
EndProject
Global
	GlobalSection(SolutionConfigurationPlatforms) = preSolution
		Debug|Any CPU = Debug|Any CPU
		Release|Any CPU = Release|Any CPU
	EndGlobalSection
	GlobalSection(ProjectConfigurationPlatforms) = postSolution
		{17424052-DF8F-4A79-A97C-794BC48B5757}.Debug|Any CPU.ActiveCfg = Debug|Any CPU
		{17424052-DF8F-4A79-A97C-794BC48B5757}.Debug|Any CPU.Build.0 = Debug|Any CPU
		{17424052-DF8F-4A79-A97C-794BC48B5757}.Release|Any CPU.ActiveCfg = Release|Any CPU
		{17424052-DF8F-4A79-A97C-794BC48B5757}.Release|Any CPU.Build.0 = Release|Any CPU
		{1D1D4A0C-B496-4343-BD69-D6449AA56F30}.Debug|Any CPU.ActiveCfg = Debug|Any CPU
		{1D1D4A0C-B496-4343-BD69-D6449AA56F30}.Debug|Any CPU.Build.0 = Debug|Any CPU
		{1D1D4A0C-B496-4343-BD69-D6449AA56F30}.Release|Any CPU.ActiveCfg = Release|Any CPU
		{1D1D4A0C-B496-4343-BD69-D6449AA56F30}.Release|Any CPU.Build.0 = Release|Any CPU
	EndGlobalSection
	GlobalSection(SolutionProperties) = preSolution
		HideSolutionNode = FALSE
	EndGlobalSection
	GlobalSection(ExtensibilityGlobals) = postSolution
		SolutionGuid = {EEA896DF-5A68-4881-A0A9-A847DF838E09}
	EndGlobalSection
EndGlobal
